
Microsoft Visual Studio Solution File, Format Version 12.00
# Visual Studio Version 17
VisualStudioVersion = 17.13.35931.197
MinimumVisualStudioVersion = 10.0.40219.1
Project("{2150E333-8FDC-42A3-9474-1A3956D46DE8}") = "DataStructures", "DataStructures", "{02EA681E-C7D8-13C7-8484-4AC65E1B71E8}"
EndProject
Project("{2150E333-8FDC-42A3-9474-1A3956D46DE8}") = "Algorithms", "Algorithms", "{F01CDFC1-17DF-4DD2-9DBD-A5602BDED21F}"
EndProject
Project("{FAE04EC0-301F-11D3-BF4B-00C04F79EFBC}") = "SearchingAlgorithms", "Algorithms\SearchingAlgorithms\SearchingAlgorithms.csproj", "{0D1F6561-9925-DED1-9223-69415D308F3E}"
EndProject
Project("{FAE04EC0-301F-11D3-BF4B-00C04F79EFBC}") = "SortingAlgorithms", "Algorithms\Sorting_Algorithms\SortingAlgorithms.csproj", "{F9375680-B270-2790-8A1B-040DB5E8F916}"
EndProject
Project("{FAE04EC0-301F-11D3-BF4B-00C04F79EFBC}") = "StringManipulation", "Algorithms\StringManipulation\StringManipulation.csproj", "{F1860E2F-7804-844B-06B7-F777E4F1213C}"
EndProject
Project("{FAE04EC0-301F-11D3-BF4B-00C04F79EFBC}") = "AVL_Trees", "DataStructures\AVL_Trees\AVL_Trees.csproj", "{7CF62791-659A-E0AE-7571-52BB97F6E468}"
EndProject
Project("{FAE04EC0-301F-11D3-BF4B-00C04F79EFBC}") = "BinaryTrees", "DataStructures\BinaryTrees\BinaryTrees.csproj", "{7703785D-5F0B-1FF5-CC4C-D69B91C5D443}"
EndProject
Project("{FAE04EC0-301F-11D3-BF4B-00C04F79EFBC}") = "Graphs", "DataStructures\Graphs\Graphs.csproj", "{22816DC5-765B-8317-7FEF-B5697D1730A0}"
EndProject
Project("{FAE04EC0-301F-11D3-BF4B-00C04F79EFBC}") = "Heaps", "DataStructures\Heaps\Heaps.csproj", "{0CFD14CC-02E5-9CD4-2957-1008EB9A9859}"
EndProject
Project("{FAE04EC0-301F-11D3-BF4B-00C04F79EFBC}") = "Tries", "DataStructures\Tries\Tries.csproj", "{07E75602-3B80-6D95-9F29-2C5E5C924991}"
EndProject
Project("{FAE04EC0-301F-11D3-BF4B-00C04F79EFBC}") = "WeightedGraphs", "DataStructures\WeightedGraphs\WeightedGraphs.csproj", "{B8B92005-E398-A17F-D6B2-90C21CC60602}"
EndProject
Global
	GlobalSection(SolutionConfigurationPlatforms) = preSolution
		Debug|Any CPU = Debug|Any CPU
		Release|Any CPU = Release|Any CPU
	EndGlobalSection
	GlobalSection(ProjectConfigurationPlatforms) = postSolution
		{0D1F6561-9925-DED1-9223-69415D308F3E}.Debug|Any CPU.ActiveCfg = Debug|Any CPU
		{0D1F6561-9925-DED1-9223-69415D308F3E}.Debug|Any CPU.Build.0 = Debug|Any CPU
		{0D1F6561-9925-DED1-9223-69415D308F3E}.Release|Any CPU.ActiveCfg = Release|Any CPU
		{0D1F6561-9925-DED1-9223-69415D308F3E}.Release|Any CPU.Build.0 = Release|Any CPU
		{F9375680-B270-2790-8A1B-040DB5E8F916}.Debug|Any CPU.ActiveCfg = Debug|Any CPU
		{F9375680-B270-2790-8A1B-040DB5E8F916}.Debug|Any CPU.Build.0 = Debug|Any CPU
		{F9375680-B270-2790-8A1B-040DB5E8F916}.Release|Any CPU.ActiveCfg = Release|Any CPU
		{F9375680-B270-2790-8A1B-040DB5E8F916}.Release|Any CPU.Build.0 = Release|Any CPU
		{F1860E2F-7804-844B-06B7-F777E4F1213C}.Debug|Any CPU.ActiveCfg = Debug|Any CPU
		{F1860E2F-7804-844B-06B7-F777E4F1213C}.Debug|Any CPU.Build.0 = Debug|Any CPU
		{F1860E2F-7804-844B-06B7-F777E4F1213C}.Release|Any CPU.ActiveCfg = Release|Any CPU
		{F1860E2F-7804-844B-06B7-F777E4F1213C}.Release|Any CPU.Build.0 = Release|Any CPU
		{7CF62791-659A-E0AE-7571-52BB97F6E468}.Debug|Any CPU.ActiveCfg = Debug|Any CPU
		{7CF62791-659A-E0AE-7571-52BB97F6E468}.Debug|Any CPU.Build.0 = Debug|Any CPU
		{7CF62791-659A-E0AE-7571-52BB97F6E468}.Release|Any CPU.ActiveCfg = Release|Any CPU
		{7CF62791-659A-E0AE-7571-52BB97F6E468}.Release|Any CPU.Build.0 = Release|Any CPU
		{7703785D-5F0B-1FF5-CC4C-D69B91C5D443}.Debug|Any CPU.ActiveCfg = Debug|Any CPU
		{7703785D-5F0B-1FF5-CC4C-D69B91C5D443}.Debug|Any CPU.Build.0 = Debug|Any CPU
		{7703785D-5F0B-1FF5-CC4C-D69B91C5D443}.Release|Any CPU.ActiveCfg = Release|Any CPU
		{7703785D-5F0B-1FF5-CC4C-D69B91C5D443}.Release|Any CPU.Build.0 = Release|Any CPU
		{22816DC5-765B-8317-7FEF-B5697D1730A0}.Debug|Any CPU.ActiveCfg = Debug|Any CPU
		{22816DC5-765B-8317-7FEF-B5697D1730A0}.Debug|Any CPU.Build.0 = Debug|Any CPU
		{22816DC5-765B-8317-7FEF-B5697D1730A0}.Release|Any CPU.ActiveCfg = Release|Any CPU
		{22816DC5-765B-8317-7FEF-B5697D1730A0}.Release|Any CPU.Build.0 = Release|Any CPU
		{0CFD14CC-02E5-9CD4-2957-1008EB9A9859}.Debug|Any CPU.ActiveCfg = Debug|Any CPU
		{0CFD14CC-02E5-9CD4-2957-1008EB9A9859}.Debug|Any CPU.Build.0 = Debug|Any CPU
		{0CFD14CC-02E5-9CD4-2957-1008EB9A9859}.Release|Any CPU.ActiveCfg = Release|Any CPU
		{0CFD14CC-02E5-9CD4-2957-1008EB9A9859}.Release|Any CPU.Build.0 = Release|Any CPU
		{07E75602-3B80-6D95-9F29-2C5E5C924991}.Debug|Any CPU.ActiveCfg = Debug|Any CPU
		{07E75602-3B80-6D95-9F29-2C5E5C924991}.Debug|Any CPU.Build.0 = Debug|Any CPU
		{07E75602-3B80-6D95-9F29-2C5E5C924991}.Release|Any CPU.ActiveCfg = Release|Any CPU
		{07E75602-3B80-6D95-9F29-2C5E5C924991}.Release|Any CPU.Build.0 = Release|Any CPU
		{B8B92005-E398-A17F-D6B2-90C21CC60602}.Debug|Any CPU.ActiveCfg = Debug|Any CPU
		{B8B92005-E398-A17F-D6B2-90C21CC60602}.Debug|Any CPU.Build.0 = Debug|Any CPU
		{B8B92005-E398-A17F-D6B2-90C21CC60602}.Release|Any CPU.ActiveCfg = Release|Any CPU
		{B8B92005-E398-A17F-D6B2-90C21CC60602}.Release|Any CPU.Build.0 = Release|Any CPU
	EndGlobalSection
	GlobalSection(SolutionProperties) = preSolution
		HideSolutionNode = FALSE
	EndGlobalSection
	GlobalSection(NestedProjects) = preSolution
		{0D1F6561-9925-DED1-9223-69415D308F3E} = {F01CDFC1-17DF-4DD2-9DBD-A5602BDED21F}
		{F9375680-B270-2790-8A1B-040DB5E8F916} = {F01CDFC1-17DF-4DD2-9DBD-A5602BDED21F}
		{F1860E2F-7804-844B-06B7-F777E4F1213C} = {F01CDFC1-17DF-4DD2-9DBD-A5602BDED21F}
		{7CF62791-659A-E0AE-7571-52BB97F6E468} = {02EA681E-C7D8-13C7-8484-4AC65E1B71E8}
		{7703785D-5F0B-1FF5-CC4C-D69B91C5D443} = {02EA681E-C7D8-13C7-8484-4AC65E1B71E8}
		{22816DC5-765B-8317-7FEF-B5697D1730A0} = {02EA681E-C7D8-13C7-8484-4AC65E1B71E8}
		{0CFD14CC-02E5-9CD4-2957-1008EB9A9859} = {02EA681E-C7D8-13C7-8484-4AC65E1B71E8}
		{07E75602-3B80-6D95-9F29-2C5E5C924991} = {02EA681E-C7D8-13C7-8484-4AC65E1B71E8}
		{B8B92005-E398-A17F-D6B2-90C21CC60602} = {02EA681E-C7D8-13C7-8484-4AC65E1B71E8}
	EndGlobalSection
	GlobalSection(ExtensibilityGlobals) = postSolution
		SolutionGuid = {D43794D9-BA42-4F3C-83F1-583CC9A9635B}
	EndGlobalSection
EndGlobal
