
Microsoft Visual Studio Solution File, Format Version 12.00
# Visual Studio Version 17
VisualStudioVersion = 17.13.35931.197
MinimumVisualStudioVersion = 10.0.40219.1
Project("{FAE04EC0-301F-11D3-BF4B-00C04F79EFBC}") = "BinaryTrees", "BinaryTrees\BinaryTrees.csproj", "{E91D7D83-CC69-422B-A670-0722BB9DF74C}"
EndProject
Project("{FAE04EC0-301F-11D3-BF4B-00C04F79EFBC}") = "AVL_Trees", "AVL_Trees\AVL_Trees.csproj", "{3C4C6E07-4401-4346-A82D-346F359916E2}"
EndProject
Project("{FAE04EC0-301F-11D3-BF4B-00C04F79EFBC}") = "SortingAlgorithms", "Sorting_Algorithms\SortingAlgorithms.csproj", "{E59C3FED-E6A2-4EDA-BE17-7DC14D336A8C}"
EndProject
Project("{FAE04EC0-301F-11D3-BF4B-00C04F79EFBC}") = "Heaps", "Heaps\Heaps.csproj", "{61F318D7-54C9-44CF-ACCB-01C9BB313E1B}"
EndProject
Project("{FAE04EC0-301F-11D3-BF4B-00C04F79EFBC}") = "Tries", "Tries\Tries.csproj", "{F4FA8D15-7511-4499-96BF-2BE55205315A}"
EndProject
Project("{FAE04EC0-301F-11D3-BF4B-00C04F79EFBC}") = "Graphs", "Graphs\Graphs.csproj", "{D8658E62-C841-4FAB-A436-3C1846899FC8}"
EndProject
Project("{FAE04EC0-301F-11D3-BF4B-00C04F79EFBC}") = "WeightedGraphs", "WeightedGraphs\WeightedGraphs.csproj", "{FD0C8B36-BB68-4E64-84A4-2BDE5F626220}"
EndProject
Project("{2150E333-8FDC-42A3-9474-1A3956D46DE8}") = "DataStructures", "DataStructures", "{02EA681E-C7D8-13C7-8484-4AC65E1B71E8}"
EndProject
Project("{2150E333-8FDC-42A3-9474-1A3956D46DE8}") = "Algorithms", "Algorithms", "{F01CDFC1-17DF-4DD2-9DBD-A5602BDED21F}"
EndProject
Project("{FAE04EC0-301F-11D3-BF4B-00C04F79EFBC}") = "SearchingAlgorithms", "SearchingAlgorithms\SearchingAlgorithms.csproj", "{84B5B214-7491-4F68-B3EE-9364ECDECD0F}"
EndProject
Project("{FAE04EC0-301F-11D3-BF4B-00C04F79EFBC}") = "StringManipulation", "StringManipulation\StringManipulation.csproj", "{A82F6C85-9862-44DA-8506-3EE2BC45A157}"
EndProject
Global
	GlobalSection(SolutionConfigurationPlatforms) = preSolution
		Debug|Any CPU = Debug|Any CPU
		Release|Any CPU = Release|Any CPU
	EndGlobalSection
	GlobalSection(ProjectConfigurationPlatforms) = postSolution
		{E91D7D83-CC69-422B-A670-0722BB9DF74C}.Debug|Any CPU.ActiveCfg = Debug|Any CPU
		{E91D7D83-CC69-422B-A670-0722BB9DF74C}.Debug|Any CPU.Build.0 = Debug|Any CPU
		{E91D7D83-CC69-422B-A670-0722BB9DF74C}.Release|Any CPU.ActiveCfg = Release|Any CPU
		{E91D7D83-CC69-422B-A670-0722BB9DF74C}.Release|Any CPU.Build.0 = Release|Any CPU
		{3C4C6E07-4401-4346-A82D-346F359916E2}.Debug|Any CPU.ActiveCfg = Debug|Any CPU
		{3C4C6E07-4401-4346-A82D-346F359916E2}.Debug|Any CPU.Build.0 = Debug|Any CPU
		{3C4C6E07-4401-4346-A82D-346F359916E2}.Release|Any CPU.ActiveCfg = Release|Any CPU
		{3C4C6E07-4401-4346-A82D-346F359916E2}.Release|Any CPU.Build.0 = Release|Any CPU
		{E59C3FED-E6A2-4EDA-BE17-7DC14D336A8C}.Debug|Any CPU.ActiveCfg = Debug|Any CPU
		{E59C3FED-E6A2-4EDA-BE17-7DC14D336A8C}.Debug|Any CPU.Build.0 = Debug|Any CPU
		{E59C3FED-E6A2-4EDA-BE17-7DC14D336A8C}.Release|Any CPU.ActiveCfg = Release|Any CPU
		{E59C3FED-E6A2-4EDA-BE17-7DC14D336A8C}.Release|Any CPU.Build.0 = Release|Any CPU
		{61F318D7-54C9-44CF-ACCB-01C9BB313E1B}.Debug|Any CPU.ActiveCfg = Debug|Any CPU
		{61F318D7-54C9-44CF-ACCB-01C9BB313E1B}.Debug|Any CPU.Build.0 = Debug|Any CPU
		{61F318D7-54C9-44CF-ACCB-01C9BB313E1B}.Release|Any CPU.ActiveCfg = Release|Any CPU
		{61F318D7-54C9-44CF-ACCB-01C9BB313E1B}.Release|Any CPU.Build.0 = Release|Any CPU
		{F4FA8D15-7511-4499-96BF-2BE55205315A}.Debug|Any CPU.ActiveCfg = Debug|Any CPU
		{F4FA8D15-7511-4499-96BF-2BE55205315A}.Debug|Any CPU.Build.0 = Debug|Any CPU
		{F4FA8D15-7511-4499-96BF-2BE55205315A}.Release|Any CPU.ActiveCfg = Release|Any CPU
		{F4FA8D15-7511-4499-96BF-2BE55205315A}.Release|Any CPU.Build.0 = Release|Any CPU
		{D8658E62-C841-4FAB-A436-3C1846899FC8}.Debug|Any CPU.ActiveCfg = Debug|Any CPU
		{D8658E62-C841-4FAB-A436-3C1846899FC8}.Debug|Any CPU.Build.0 = Debug|Any CPU
		{D8658E62-C841-4FAB-A436-3C1846899FC8}.Release|Any CPU.ActiveCfg = Release|Any CPU
		{D8658E62-C841-4FAB-A436-3C1846899FC8}.Release|Any CPU.Build.0 = Release|Any CPU
		{FD0C8B36-BB68-4E64-84A4-2BDE5F626220}.Debug|Any CPU.ActiveCfg = Debug|Any CPU
		{FD0C8B36-BB68-4E64-84A4-2BDE5F626220}.Debug|Any CPU.Build.0 = Debug|Any CPU
		{FD0C8B36-BB68-4E64-84A4-2BDE5F626220}.Release|Any CPU.ActiveCfg = Release|Any CPU
		{FD0C8B36-BB68-4E64-84A4-2BDE5F626220}.Release|Any CPU.Build.0 = Release|Any CPU
		{84B5B214-7491-4F68-B3EE-9364ECDECD0F}.Debug|Any CPU.ActiveCfg = Debug|Any CPU
		{84B5B214-7491-4F68-B3EE-9364ECDECD0F}.Debug|Any CPU.Build.0 = Debug|Any CPU
		{84B5B214-7491-4F68-B3EE-9364ECDECD0F}.Release|Any CPU.ActiveCfg = Release|Any CPU
		{84B5B214-7491-4F68-B3EE-9364ECDECD0F}.Release|Any CPU.Build.0 = Release|Any CPU
		{A82F6C85-9862-44DA-8506-3EE2BC45A157}.Debug|Any CPU.ActiveCfg = Debug|Any CPU
		{A82F6C85-9862-44DA-8506-3EE2BC45A157}.Debug|Any CPU.Build.0 = Debug|Any CPU
		{A82F6C85-9862-44DA-8506-3EE2BC45A157}.Release|Any CPU.ActiveCfg = Release|Any CPU
		{A82F6C85-9862-44DA-8506-3EE2BC45A157}.Release|Any CPU.Build.0 = Release|Any CPU
	EndGlobalSection
	GlobalSection(SolutionProperties) = preSolution
		HideSolutionNode = FALSE
	EndGlobalSection
	GlobalSection(NestedProjects) = preSolution
		{E91D7D83-CC69-422B-A670-0722BB9DF74C} = {02EA681E-C7D8-13C7-8484-4AC65E1B71E8}
		{3C4C6E07-4401-4346-A82D-346F359916E2} = {02EA681E-C7D8-13C7-8484-4AC65E1B71E8}
		{E59C3FED-E6A2-4EDA-BE17-7DC14D336A8C} = {F01CDFC1-17DF-4DD2-9DBD-A5602BDED21F}
		{61F318D7-54C9-44CF-ACCB-01C9BB313E1B} = {02EA681E-C7D8-13C7-8484-4AC65E1B71E8}
		{F4FA8D15-7511-4499-96BF-2BE55205315A} = {02EA681E-C7D8-13C7-8484-4AC65E1B71E8}
		{D8658E62-C841-4FAB-A436-3C1846899FC8} = {02EA681E-C7D8-13C7-8484-4AC65E1B71E8}
		{FD0C8B36-BB68-4E64-84A4-2BDE5F626220} = {02EA681E-C7D8-13C7-8484-4AC65E1B71E8}
		{84B5B214-7491-4F68-B3EE-9364ECDECD0F} = {F01CDFC1-17DF-4DD2-9DBD-A5602BDED21F}
		{A82F6C85-9862-44DA-8506-3EE2BC45A157} = {F01CDFC1-17DF-4DD2-9DBD-A5602BDED21F}
	EndGlobalSection
	GlobalSection(ExtensibilityGlobals) = postSolution
		SolutionGuid = {D43794D9-BA42-4F3C-83F1-583CC9A9635B}
	EndGlobalSection
EndGlobal
